version = 1
requires-python = ">=3.7"

[[package]]
name = "mysql-connector-python"
version = "8.0.33"
source = { registry = "https://pypi.org/simple" }
dependencies = [
    { name = "protobuf" },
]
sdist = { url = "https://files.pythonhosted.org/packages/ac/b1/5cd6ee1bc750436e1ad2ca1e63d55c7611041c3d047f90123d28eaffc5e4/mysql-connector-python-8.0.33.tar.gz", hash = "sha256:9775331fa60b5d5a6925781d77eee4384e2b54a12dea694ffdefd1cf1a9c0fdb", size = 324946 }
wheels = [
    { url = "https://files.pythonhosted.org/packages/e8/ab/b3c836c3ae61169b1c033375a963fe9fa8d6db38ad71fb548bd68808bf15/mysql_connector_python-8.0.33-cp310-cp310-macosx_12_0_arm64.whl", hash = "sha256:241483065ad062256985e082e3cbb3e7d1d6d2275cee17c66d22525b09096201", size = 8364661 },
    { url = "https://files.pythonhosted.org/packages/c8/6d/6d5b8280c9305b6e926af0e60d499d432cc007d344981c930551ce5226d7/mysql_connector_python-8.0.33-cp310-cp310-macosx_12_0_x86_64.whl", hash = "sha256:9f5eb33e29742c5f8ef23df2d3f0de0e46f4325e4324016e15aba7f8665a68c0", size = 8914118 },
    { url = "https://files.pythonhosted.org/packages/58/ed/bcf3edd9e611017143511b0982681ef0de8fe2799985b2b20efad4e08202/mysql_connector_python-8.0.33-cp310-cp310-manylinux1_i686.whl", hash = "sha256:4c82fb70f44f2469c0879434c1d8ee3162f56a40cc8f5ca1cc4d97f06c84cd43", size = 26369468 },
    { url = "https://files.pythonhosted.org/packages/36/1c/04df94c8b926f36cdfb9952632d5d8ac2e8a58dad107e498a69727e6b9ad/mysql_connector_python-8.0.33-cp310-cp310-manylinux1_x86_64.whl", hash = "sha256:016662c6252f2c5f47805d9168187be1316d0c1d7109f9fe668482c3d6e5711d", size = 27363040 },
    { url = "https://files.pythonhosted.org/packages/ff/8d/27f789f560d52806a24ef55908b42930bbb3e51fd48bd31617b6aae66deb/mysql_connector_python-8.0.33-cp310-cp310-win_amd64.whl", hash = "sha256:46ff8a10c13f39996d60f45c30cf2ea15e883bc71d58259ed2fea0a5a6fb93a3", size = 9592777 },
    { url = "https://files.pythonhosted.org/packages/5c/80/e06b63d09ae7178e151c4c9cddc77c0a5a89ea00ab49f264e8450cdb71fc/mysql_connector_python-8.0.33-cp311-cp311-macosx_12_0_arm64.whl", hash = "sha256:db422b19347c5d00e078dd64e281e5b1e5a19a2d972dc2d9733b136d79c34798", size = 8360302 },
    { url = "https://files.pythonhosted.org/packages/16/c6/3701d737c517cf61dcef5a54fa67ec22b2820e998f378c5decfe9ade2467/mysql_connector_python-8.0.33-cp311-cp311-macosx_12_0_x86_64.whl", hash = "sha256:37eace5b7eb676a41ff1edc5cf6ce4ae1c28406d1a6fe84941e6aa396d688195", size = 8911469 },
    { url = "https://files.pythonhosted.org/packages/ee/c9/1019bf4ce348ecb8bd695eb3285a4a97d60edb10bcd5ad656f36546cad9b/mysql_connector_python-8.0.33-cp311-cp311-manylinux1_i686.whl", hash = "sha256:753d07fb39a67f7f35fe6e6a4fac12008287661de59f9d5c0bf4da3359d83eb8", size = 26379245 },
    { url = "https://files.pythonhosted.org/packages/8b/45/6125a0ba505708be5b7861a223449600e4dbf8f653690cbe94c97ffc6b4d/mysql_connector_python-8.0.33-cp311-cp311-manylinux1_x86_64.whl", hash = "sha256:984f5649e6abee04461d6f52fbc77387d7137b8fd003c54bac66505006f17183", size = 27372607 },
    { url = "https://files.pythonhosted.org/packages/72/37/a10de057e19ee725719dda7ce54bd43ea8b21328adaabaa521c65a545e35/mysql_connector_python-8.0.33-cp311-cp311-win_amd64.whl", hash = "sha256:f324233af7ec9fcb19c23096af27662459708c0465886cb017d78ff3f5b78b55", size = 9576355 },
    { url = "https://files.pythonhosted.org/packages/23/ba/5f17347f72a1bd86fbb0f458d9d3d246d44bb61666405072a55c2f7e8e83/mysql_connector_python-8.0.33-cp37-cp37m-macosx_12_0_x86_64.whl", hash = "sha256:41db4452a99ee28494313eab1aa7749475d3e39bed7b24a0868aee45bd0d9c73", size = 8911529 },
    { url = "https://files.pythonhosted.org/packages/6d/14/2ccad094e363bb542de2627d81db95c6b06673b2fe6336930b5f5a1ee353/mysql_connector_python-8.0.33-cp37-cp37m-manylinux1_i686.whl", hash = "sha256:34d5c5f6ec7c1e75bf972def40d097138e097dc694e36dec89a5dd604ef7aada", size = 26365873 },
    { url = "https://files.pythonhosted.org/packages/ec/a0/76a7fa0ecd701126d4b0e1b6df5b868b9c56155ef23c80bb7858e22cda9c/mysql_connector_python-8.0.33-cp37-cp37m-manylinux1_x86_64.whl", hash = "sha256:a632d7b0e569a46e6d44e6cd3f8db747995a787a081870697dbfd3ae18949339", size = 27358282 },
    { url = "https://files.pythonhosted.org/packages/22/ce/a7eb6f068cf2980285d229a7fe6c152837c0d784c43d34c3ccdd39945064/mysql_connector_python-8.0.33-cp37-cp37m-win_amd64.whl", hash = "sha256:e853e12c00e3beabc581f4e039222708ee606fef80a3bac6b1f497ed89a31aea", size = 9567426 },
    { url = "https://files.pythonhosted.org/packages/4e/b6/150b4c3c7599f5ffd9c5d7e68d07d864bc04619a0b731881888477dbd16d/mysql_connector_python-8.0.33-cp38-cp38-macosx_12_0_x86_64.whl", hash = "sha256:96f7fb0ccfe96e6e478e5f0f034c99bda961b99ffa1c746cee39cfea45b0c04d", size = 8911412 },
    { url = "https://files.pythonhosted.org/packages/14/ae/f2a4656dd35a7c3a4e94e2c09e217745ae8f2593d102014a6899b9048be2/mysql_connector_python-8.0.33-cp38-cp38-manylinux1_i686.whl", hash = "sha256:7318f416b9defe84b2bd025304bab62b68f8d8fcbe479af5593161eff12ef169", size = 26367702 },
    { url = "https://files.pythonhosted.org/packages/e3/c9/5fe74263d0afb9847b6dc8c7d2dc57d419142fd2b3ff521ecf7eec628028/mysql_connector_python-8.0.33-cp38-cp38-manylinux1_x86_64.whl", hash = "sha256:0004426e964856148e1cde31e9b8be63ae3013715b048ff0f2ede69a6ddd36f7", size = 27360984 },
    { url = "https://files.pythonhosted.org/packages/cd/13/9083168ab7f2d08dafd2d1ebfe6c28deacfcd23f0cd82d20c89854882637/mysql_connector_python-8.0.33-cp38-cp38-win_amd64.whl", hash = "sha256:d8167868ebad8d78ba69babd028626e96a51365cab76edf735b2559731759b62", size = 9567519 },
    { url = "https://files.pythonhosted.org/packages/04/0c/f40921f66e56579af9c23c54b9aca879e6ea0ae5f0fab9c27298dc45a8c1/mysql_connector_python-8.0.33-cp39-cp39-macosx_12_0_arm64.whl", hash = "sha256:f403ff22d3514d08028590fef463d17dc107ac72ea27a49429614949d82fda40", size = 8360394 },
    { url = "https://files.pythonhosted.org/packages/45/73/bf2a4afdd0056e66127a08ce267a05124a93c9d86a3ccd3280973359e76c/mysql_connector_python-8.0.33-cp39-cp39-macosx_12_0_x86_64.whl", hash = "sha256:af9feec311d8ea51261e1ef1f959a442708e30f0024d08d0fb537b07a1271634", size = 8911368 },
    { url = "https://files.pythonhosted.org/packages/f0/ae/d82e0f953d155806fd55e5941e497d715a08d1083cbefbbe08122d347f30/mysql_connector_python-8.0.33-cp39-cp39-manylinux1_i686.whl", hash = "sha256:7266d7b2550f9fe0cdcea1647aa6aade352e14095042b6a3921c9152cf8543e8", size = 26367574 },
    { url = "https://files.pythonhosted.org/packages/a8/8c/a742b53566b2597da5d5ade4e69af6c33c02aa0a16701801fa8fe93d433e/mysql_connector_python-8.0.33-cp39-cp39-manylinux1_x86_64.whl", hash = "sha256:ea05590cb972b114efa027c343b4b7110d8e8450493984ebfb9a651e27674636", size = 27360115 },
    { url = "https://files.pythonhosted.org/packages/01/cd/66ddd8ba3cb1c1af14144832345837f281a80d19215308b866c33b14f926/mysql_connector_python-8.0.33-cp39-cp39-win_amd64.whl", hash = "sha256:3bedf8265fb31698e4144ca54e241e3386802c3a437745b1a536a74cbe7e4fb9", size = 9567506 },
    { url = "https://files.pythonhosted.org/packages/a9/98/3cd603a0130a4bc088942b51c142ce13de3bf21a26b4f960527859a780da/mysql_connector_python-8.0.33-py2.py3-none-any.whl", hash = "sha256:c20a85a69af41d2d7d5cf52106f0b9473775819d189487c6ff3d3f3946931ca2", size = 390125 },
]

[[package]]
name = "protobuf"
version = "3.20.3"
source = { registry = "https://pypi.org/simple" }
sdist = { url = "https://files.pythonhosted.org/packages/55/5b/e3d951e34f8356e5feecacd12a8e3b258a1da6d9a03ad1770f28925f29bc/protobuf-3.20.3.tar.gz", hash = "sha256:2e3427429c9cffebf259491be0af70189607f365c2f41c7c3764af6f337105f2", size = 216768 }
wheels = [
    { url = "https://files.pythonhosted.org/packages/28/55/b80e8567ec327c060fa39b242392e25690c8899c489ecd7bb65b46b7bb55/protobuf-3.20.3-cp310-cp310-manylinux2014_aarch64.whl", hash = "sha256:f4bd856d702e5b0d96a00ec6b307b0f51c1982c2bf9c0052cf9019e9a544ba99", size = 918427 },
    { url = "https://files.pythonhosted.org/packages/31/be/80a9c6f16dfa4d41be3edbe655349778ae30882407fa8275eb46b4d34854/protobuf-3.20.3-cp310-cp310-manylinux_2_12_x86_64.manylinux2010_x86_64.whl", hash = "sha256:9aae4406ea63d825636cc11ffb34ad3379335803216ee3a856787bcf5ccc751e", size = 1051042 },
    { url = "https://files.pythonhosted.org/packages/db/96/948d3fcc1fa816e7ae1d27af59b9d8c5c5e582f3994fd14394f31da95b99/protobuf-3.20.3-cp310-cp310-win32.whl", hash = "sha256:28545383d61f55b57cf4df63eebd9827754fd2dc25f80c5253f9184235db242c", size = 780167 },
    { url = "https://files.pythonhosted.org/packages/6f/5e/fc6feb366b0a9f28e0a2de3b062667c521cd9517d4ff55077b8f351ba2f3/protobuf-3.20.3-cp310-cp310-win_amd64.whl", hash = "sha256:67a3598f0a2dcbc58d02dd1928544e7d88f764b47d4a286202913f0b2801c2e7", size = 904029 },
    { url = "https://files.pythonhosted.org/packages/fe/8f/d9db035740002d61b4140aaef53a8bac7e316b18ec8744eb6c1fcf83c310/protobuf-3.20.3-cp37-cp37m-macosx_10_9_x86_64.whl", hash = "sha256:e64857f395505ebf3d2569935506ae0dfc4a15cb80dc25261176c784662cdcc4", size = 981941 },
    { url = "https://files.pythonhosted.org/packages/2a/7c/e7091f0eea6eec70547d28c6c0d8c7335ee58f6b13456608beec8c94a62a/protobuf-3.20.3-cp37-cp37m-manylinux2014_aarch64.whl", hash = "sha256:d9e4432ff660d67d775c66ac42a67cf2453c27cb4d738fc22cb53b5d84c135d4", size = 917854 },
    { url = "https://files.pythonhosted.org/packages/4c/12/62e1d5505c172e1a7f803d83b0b1693f7952c3c271eb2f155703012ae67a/protobuf-3.20.3-cp37-cp37m-manylinux_2_5_x86_64.manylinux1_x86_64.whl", hash = "sha256:74480f79a023f90dc6e18febbf7b8bac7508420f2006fabd512013c0c238f454", size = 1018223 },
    { url = "https://files.pythonhosted.org/packages/ef/d4/765a106ca96d487f94f3c99e46b399218f53735628c3b2d759a832e2adab/protobuf-3.20.3-cp37-cp37m-win32.whl", hash = "sha256:b6cc7ba72a8850621bfec987cb72623e703b7fe2b9127a161ce61e61558ad905", size = 780833 },
    { url = "https://files.pythonhosted.org/packages/98/07/4c75a689fa173c12b92c9a64a82efad44797b9b2b784c8562f36ab28b551/protobuf-3.20.3-cp37-cp37m-win_amd64.whl", hash = "sha256:8c0c984a1b8fef4086329ff8dd19ac77576b384079247c770f29cc8ce3afa06c", size = 905131 },
    { url = "https://files.pythonhosted.org/packages/9f/1a/6848ed1669a6c70bf947d25d64ce6dcc65ccec06e917072df516944fa17e/protobuf-3.20.3-cp38-cp38-macosx_10_9_x86_64.whl", hash = "sha256:de78575669dddf6099a8a0f46a27e82a1783c557ccc38ee620ed8cc96d3be7d7", size = 982917 },
    { url = "https://files.pythonhosted.org/packages/b5/b6/ec87636b9381137f17292851461902ceac7632a00476c2afbcd864ed5447/protobuf-3.20.3-cp38-cp38-manylinux2014_aarch64.whl", hash = "sha256:f4c42102bc82a51108e449cbb32b19b180022941c727bac0cfd50170341f16ee", size = 918639 },
    { url = "https://files.pythonhosted.org/packages/da/e4/4d62585593e9f962cb02614534f62f930de6a80a0a3784282094a01919b2/protobuf-3.20.3-cp38-cp38-manylinux_2_5_x86_64.manylinux1_x86_64.whl", hash = "sha256:44246bab5dd4b7fbd3c0c80b6f16686808fab0e4aca819ade6e8d294a29c7050", size = 1019323 },
    { url = "https://files.pythonhosted.org/packages/3c/14/16ef7da61d30a519d84e6841d096fe446c4d8a2c39b083b0376b4785f1f3/protobuf-3.20.3-cp38-cp38-win32.whl", hash = "sha256:c02ce36ec760252242a33967d51c289fd0e1c0e6e5cc9397e2279177716add86", size = 780325 },
    { url = "https://files.pythonhosted.org/packages/32/f8/52f598bceb16fe365f4ef8e957ac8890aeb56abf97d365ff5abd8c1250cf/protobuf-3.20.3-cp38-cp38-win_amd64.whl", hash = "sha256:447d43819997825d4e71bf5769d869b968ce96848b6479397e29fc24c4a5dfe9", size = 904419 },
    { url = "https://files.pythonhosted.org/packages/00/e7/d23c439c55c90ae2e52184363162f7079ca3e7d86205b411d4e9dc266f81/protobuf-3.20.3-cp39-cp39-macosx_10_9_x86_64.whl", hash = "sha256:398a9e0c3eaceb34ec1aee71894ca3299605fa8e761544934378bbc6c97de23b", size = 982826 },
    { url = "https://files.pythonhosted.org/packages/99/25/5825472ecd911f4ac2ac4e9ab039a48b6d03874e2add92fb633e080bf3eb/protobuf-3.20.3-cp39-cp39-manylinux2014_aarch64.whl", hash = "sha256:bf01b5720be110540be4286e791db73f84a2b721072a3711efff6c324cdf074b", size = 918423 },
    { url = "https://files.pythonhosted.org/packages/c7/df/ec3ecb8c940b36121c7b77c10acebf3d1c736498aa2f1fe3b6231ee44e76/protobuf-3.20.3-cp39-cp39-manylinux_2_5_x86_64.manylinux1_x86_64.whl", hash = "sha256:daa564862dd0d39c00f8086f88700fdbe8bc717e993a21e90711acfed02f2402", size = 1019250 },
    { url = "https://files.pythonhosted.org/packages/36/8b/433071fed0058322090a55021bdc8da76d16c7bc9823f5795797803dd6d0/protobuf-3.20.3-cp39-cp39-win32.whl", hash = "sha256:819559cafa1a373b7096a482b504ae8a857c89593cf3a25af743ac9ecbd23480", size = 780270 },
    { url = "https://files.pythonhosted.org/packages/11/a5/e52b731415ad6ef3d841e9e6e337a690249e800cc7c06f0749afab26348c/protobuf-3.20.3-cp39-cp39-win_amd64.whl", hash = "sha256:03038ac1cfbc41aa21f6afcbcd357281d7521b4157926f30ebecc8d4ea59dcb7", size = 904215 },
    { url = "https://files.pythonhosted.org/packages/8d/14/619e24a4c70df2901e1f4dbc50a6291eb63a759172558df326347dce1f0d/protobuf-3.20.3-py2.py3-none-any.whl", hash = "sha256:a7ca6d488aa8ff7f329d4c545b2dbad8ac31464f1d8b1c87ad1346717731e4db", size = 162128 },
]

[[package]]
name = "ruff"
version = "0.8.3"
source = { registry = "https://pypi.org/simple" }
sdist = { url = "https://files.pythonhosted.org/packages/bf/5e/683c7ef7a696923223e7d95ca06755d6e2acbc5fd8382b2912a28008137c/ruff-0.8.3.tar.gz", hash = "sha256:5e7558304353b84279042fc584a4f4cb8a07ae79b2bf3da1a7551d960b5626d3", size = 3378522 }
wheels = [
    { url = "https://files.pythonhosted.org/packages/f8/c4/bfdbb8b9c419ff3b52479af8581026eeaac3764946fdb463dec043441b7d/ruff-0.8.3-py3-none-linux_armv6l.whl", hash = "sha256:8d5d273ffffff0acd3db5bf626d4b131aa5a5ada1276126231c4174543ce20d6", size = 10535860 },
    { url = "https://files.pythonhosted.org/packages/ef/c5/0aabdc9314b4b6f051168ac45227e2aa8e1c6d82718a547455e40c9c9faa/ruff-0.8.3-py3-none-macosx_10_12_x86_64.whl", hash = "sha256:e4d66a21de39f15c9757d00c50c8cdd20ac84f55684ca56def7891a025d7e939", size = 10346327 },
    { url = "https://files.pythonhosted.org/packages/1a/78/4843a59e7e7b398d6019cf91ab06502fd95397b99b2b858798fbab9151f5/ruff-0.8.3-py3-none-macosx_11_0_arm64.whl", hash = "sha256:c356e770811858bd20832af696ff6c7e884701115094f427b64b25093d6d932d", size = 9942585 },
    { url = "https://files.pythonhosted.org/packages/91/5a/642ed8f1ba23ffc2dd347697e01eef3c42fad6ac76603be4a8c3a9d6311e/ruff-0.8.3-py3-none-manylinux_2_17_aarch64.manylinux2014_aarch64.whl", hash = "sha256:9c0a60a825e3e177116c84009d5ebaa90cf40dfab56e1358d1df4e29a9a14b13", size = 10797597 },
    { url = "https://files.pythonhosted.org/packages/30/25/2e654bc7226da09a49730a1a2ea6e89f843b362db80b4b2a7a4f948ac986/ruff-0.8.3-py3-none-manylinux_2_17_armv7l.manylinux2014_armv7l.whl", hash = "sha256:75fb782f4db39501210ac093c79c3de581d306624575eddd7e4e13747e61ba18", size = 10307244 },
    { url = "https://files.pythonhosted.org/packages/c0/2d/a224d56bcd4383583db53c2b8f410ebf1200866984aa6eb9b5a70f04e71f/ruff-0.8.3-py3-none-manylinux_2_17_i686.manylinux2014_i686.whl", hash = "sha256:7f26bc76a133ecb09a38b7868737eded6941b70a6d34ef53a4027e83913b6502", size = 11362439 },
    { url = "https://files.pythonhosted.org/packages/82/01/03e2857f9c371b8767d3e909f06a33bbdac880df17f17f93d6f6951c3381/ruff-0.8.3-py3-none-manylinux_2_17_ppc64.manylinux2014_ppc64.whl", hash = "sha256:01b14b2f72a37390c1b13477c1c02d53184f728be2f3ffc3ace5b44e9e87b90d", size = 12078538 },
    { url = "https://files.pythonhosted.org/packages/af/ae/ff7f97b355da16d748ceec50e1604a8215d3659b36b38025a922e0612e9b/ruff-0.8.3-py3-none-manylinux_2_17_ppc64le.manylinux2014_ppc64le.whl", hash = "sha256:53babd6e63e31f4e96ec95ea0d962298f9f0d9cc5990a1bbb023a6baf2503a82", size = 11616172 },
    { url = "https://files.pythonhosted.org/packages/6a/d0/6156d4d1e53ebd17747049afe801c5d7e3014d9b2f398b9236fe36ba4320/ruff-0.8.3-py3-none-manylinux_2_17_s390x.manylinux2014_s390x.whl", hash = "sha256:1ae441ce4cf925b7f363d33cd6570c51435972d697e3e58928973994e56e1452", size = 12919886 },
    { url = "https://files.pythonhosted.org/packages/4e/84/affcb30bacb94f6036a128ad5de0e29f543d3f67ee42b490b17d68e44b8a/ruff-0.8.3-py3-none-manylinux_2_17_x86_64.manylinux2014_x86_64.whl", hash = "sha256:d7c65bc0cadce32255e93c57d57ecc2cca23149edd52714c0c5d6fa11ec328cd", size = 11212599 },
    { url = "https://files.pythonhosted.org/packages/60/b9/5694716bdefd8f73df7c0104334156c38fb0f77673d2966a5a1345bab94d/ruff-0.8.3-py3-none-musllinux_1_2_aarch64.whl", hash = "sha256:5be450bb18f23f0edc5a4e5585c17a56ba88920d598f04a06bd9fd76d324cb20", size = 10784637 },
    { url = "https://files.pythonhosted.org/packages/24/7e/0e8f835103ac7da81c3663eedf79dec8359e9ae9a3b0d704bae50be59176/ruff-0.8.3-py3-none-musllinux_1_2_armv7l.whl", hash = "sha256:8faeae3827eaa77f5721f09b9472a18c749139c891dbc17f45e72d8f2ca1f8fc", size = 10390591 },
    { url = "https://files.pythonhosted.org/packages/27/da/180ec771fc01c004045962ce017ca419a0281f4bfaf867ed0020f555b56e/ruff-0.8.3-py3-none-musllinux_1_2_i686.whl", hash = "sha256:db503486e1cf074b9808403991663e4277f5c664d3fe237ee0d994d1305bb060", size = 10894298 },
    { url = "https://files.pythonhosted.org/packages/6d/f8/29f241742ed3954eb2222314b02db29f531a15cab3238d1295e8657c5f18/ruff-0.8.3-py3-none-musllinux_1_2_x86_64.whl", hash = "sha256:6567be9fb62fbd7a099209257fef4ad2c3153b60579818b31a23c886ed4147ea", size = 11275965 },
    { url = "https://files.pythonhosted.org/packages/79/e9/5b81dc9afc8a80884405b230b9429efeef76d04caead904bd213f453b973/ruff-0.8.3-py3-none-win32.whl", hash = "sha256:19048f2f878f3ee4583fc6cb23fb636e48c2635e30fb2022b3a1cd293402f964", size = 8807651 },
    { url = "https://files.pythonhosted.org/packages/ea/67/7291461066007617b59a707887b90e319b6a043c79b4d19979f86b7a20e7/ruff-0.8.3-py3-none-win_amd64.whl", hash = "sha256:f7df94f57d7418fa7c3ffb650757e0c2b96cf2501a0b192c18e4fb5571dfada9", size = 9625289 },
    { url = "https://files.pythonhosted.org/packages/03/8f/e4fa95288b81233356d9a9dcaed057e5b0adc6399aa8fd0f6d784041c9c3/ruff-0.8.3-py3-none-win_arm64.whl", hash = "sha256:fe2756edf68ea79707c8d68b78ca9a58ed9af22e430430491ee03e718b5e4936", size = 9078754 },
]

[[package]]
name = "tabulate"
version = "0.9.0"
source = { registry = "https://pypi.org/simple" }
sdist = { url = "https://files.pythonhosted.org/packages/ec/fe/802052aecb21e3797b8f7902564ab6ea0d60ff8ca23952079064155d1ae1/tabulate-0.9.0.tar.gz", hash = "sha256:0095b12bf5966de529c0feb1fa08671671b3368eec77d7ef7ab114be2c068b3c", size = 81090 }
wheels = [
    { url = "https://files.pythonhosted.org/packages/40/44/4a5f08c96eb108af5cb50b41f76142f0afa346dfa99d5296fe7202a11854/tabulate-0.9.0-py3-none-any.whl", hash = "sha256:024ca478df22e9340661486f85298cff5f6dcdba14f3813e8830015b9ed1948f", size = 35252 },
]

[[package]]
name = "ttring"
version = "0.1.0"
source = { virtual = "." }
dependencies = [
    { name = "mysql-connector-python" },
    { name = "ruff" },
    { name = "tabulate" },
]

[package.metadata]
requires-dist = [
    { name = "mysql-connector-python", specifier = ">=8.0.33" },
    { name = "ruff", specifier = ">=0.8.3" },
    { name = "tabulate", specifier = ">=0.9.0" },
]
